// !$*UTF8*$!
{
	archiveVersion = 1;
	classes = {
	};
	objectVersion = 56;
	objects = {

/* Begin PBXBuildFile section */
		151697182A7110D000093353 /* AACApp.swift in Sources */ = {isa = PBXBuildFile; fileRef = 151697172A7110D000093353 /* AACApp.swift */; };
		1516971A2A7110D000093353 /* ContentView.swift in Sources */ = {isa = PBXBuildFile; fileRef = 151697192A7110D000093353 /* ContentView.swift */; };
		1516971C2A7110D200093353 /* Assets.xcassets in Resources */ = {isa = PBXBuildFile; fileRef = 1516971B2A7110D200093353 /* Assets.xcassets */; };
		1516971F2A7110D200093353 /* Preview Assets.xcassets in Resources */ = {isa = PBXBuildFile; fileRef = 1516971E2A7110D200093353 /* Preview Assets.xcassets */; };
		151697272A7112F900093353 /* FirebaseAuth in Frameworks */ = {isa = PBXBuildFile; productRef = 151697262A7112F900093353 /* FirebaseAuth */; };
		151697292A7112F900093353 /* FirebaseAuthCombine-Community in Frameworks */ = {isa = PBXBuildFile; productRef = 151697282A7112F900093353 /* FirebaseAuthCombine-Community */; };
		1516972B2A7112F900093353 /* FirebaseDatabase in Frameworks */ = {isa = PBXBuildFile; productRef = 1516972A2A7112F900093353 /* FirebaseDatabase */; };
		1516972D2A7112F900093353 /* FirebaseDatabaseSwift in Frameworks */ = {isa = PBXBuildFile; productRef = 1516972C2A7112F900093353 /* FirebaseDatabaseSwift */; };
		1516972F2A7112F900093353 /* FirebaseFirestore in Frameworks */ = {isa = PBXBuildFile; productRef = 1516972E2A7112F900093353 /* FirebaseFirestore */; };
		151697312A7112F900093353 /* FirebaseStorage in Frameworks */ = {isa = PBXBuildFile; productRef = 151697302A7112F900093353 /* FirebaseStorage */; };
		151697362A71134700093353 /* StartingView.swift in Sources */ = {isa = PBXBuildFile; fileRef = 151697352A71134700093353 /* StartingView.swift */; };
		151697382A71149700093353 /* PageIntro.swift in Sources */ = {isa = PBXBuildFile; fileRef = 151697372A71149700093353 /* PageIntro.swift */; };
		1516973A2A7117FB00093353 /* CustomIndicatorView.swift in Sources */ = {isa = PBXBuildFile; fileRef = 151697392A7117FB00093353 /* CustomIndicatorView.swift */; };
		1516973C2A711C3000093353 /* CustomTextField.swift in Sources */ = {isa = PBXBuildFile; fileRef = 1516973B2A711C3000093353 /* CustomTextField.swift */; };
		1597ED772A713F3E00ECD018 /* HomeView.swift in Sources */ = {isa = PBXBuildFile; fileRef = 1597ED762A713F3E00ECD018 /* HomeView.swift */; };
		1597ED7C2A713FC300ECD018 /* SignUpIntro.swift in Sources */ = {isa = PBXBuildFile; fileRef = 1597ED7B2A713FC300ECD018 /* SignUpIntro.swift */; };
		15B55FEA2A73F13000C31082 /* RegistrationViewModel.swift in Sources */ = {isa = PBXBuildFile; fileRef = 15B55FE92A73F13000C31082 /* RegistrationViewModel.swift */; };
		15B55FED2A73F23600C31082 /* AddEmailView.swift in Sources */ = {isa = PBXBuildFile; fileRef = 15B55FEC2A73F23600C31082 /* AddEmailView.swift */; };
		15B55FEF2A73F5B800C31082 /* CreateUserView.swift in Sources */ = {isa = PBXBuildFile; fileRef = 15B55FEE2A73F5B800C31082 /* CreateUserView.swift */; };
		15B55FF12A73F64C00C31082 /* CreatePasswordView.swift in Sources */ = {isa = PBXBuildFile; fileRef = 15B55FF02A73F64C00C31082 /* CreatePasswordView.swift */; };
		15B55FF32A73F6CA00C31082 /* CompleteSignUpView.swift in Sources */ = {isa = PBXBuildFile; fileRef = 15B55FF22A73F6CA00C31082 /* CompleteSignUpView.swift */; };
		15B55FF62A73FC9000C31082 /* GoogleService-Info.plist in Resources */ = {isa = PBXBuildFile; fileRef = 15B55FF52A73FC9000C31082 /* GoogleService-Info.plist */; };
		15B55FF92A73FD6600C31082 /* AuthService.swift in Sources */ = {isa = PBXBuildFile; fileRef = 15B55FF82A73FD6600C31082 /* AuthService.swift */; };
		15B55FFB2A73FFC600C31082 /* ContentViewModel.swift in Sources */ = {isa = PBXBuildFile; fileRef = 15B55FFA2A73FFC600C31082 /* ContentViewModel.swift */; };
		15B55FFD2A74049D00C31082 /* LoginViewModel.swift in Sources */ = {isa = PBXBuildFile; fileRef = 15B55FFC2A74049D00C31082 /* LoginViewModel.swift */; };
/* End PBXBuildFile section */

/* Begin PBXFileReference section */
		151697142A7110D000093353 /* AAC.app */ = {isa = PBXFileReference; explicitFileType = wrapper.application; includeInIndex = 0; path = AAC.app; sourceTree = BUILT_PRODUCTS_DIR; };
		151697172A7110D000093353 /* AACApp.swift */ = {isa = PBXFileReference; lastKnownFileType = sourcecode.swift; path = AACApp.swift; sourceTree = "<group>"; };
		151697192A7110D000093353 /* ContentView.swift */ = {isa = PBXFileReference; lastKnownFileType = sourcecode.swift; path = ContentView.swift; sourceTree = "<group>"; };
		1516971B2A7110D200093353 /* Assets.xcassets */ = {isa = PBXFileReference; lastKnownFileType = folder.assetcatalog; path = Assets.xcassets; sourceTree = "<group>"; };
		1516971E2A7110D200093353 /* Preview Assets.xcassets */ = {isa = PBXFileReference; lastKnownFileType = folder.assetcatalog; path = "Preview Assets.xcassets"; sourceTree = "<group>"; };
		151697352A71134700093353 /* StartingView.swift */ = {isa = PBXFileReference; lastKnownFileType = sourcecode.swift; path = StartingView.swift; sourceTree = "<group>"; };
		151697372A71149700093353 /* PageIntro.swift */ = {isa = PBXFileReference; lastKnownFileType = sourcecode.swift; path = PageIntro.swift; sourceTree = "<group>"; };
		151697392A7117FB00093353 /* CustomIndicatorView.swift */ = {isa = PBXFileReference; lastKnownFileType = sourcecode.swift; path = CustomIndicatorView.swift; sourceTree = "<group>"; };
		1516973B2A711C3000093353 /* CustomTextField.swift */ = {isa = PBXFileReference; lastKnownFileType = sourcecode.swift; path = CustomTextField.swift; sourceTree = "<group>"; };
		1597ED762A713F3E00ECD018 /* HomeView.swift */ = {isa = PBXFileReference; lastKnownFileType = sourcecode.swift; path = HomeView.swift; sourceTree = "<group>"; };
		1597ED7B2A713FC300ECD018 /* SignUpIntro.swift */ = {isa = PBXFileReference; lastKnownFileType = sourcecode.swift; path = SignUpIntro.swift; sourceTree = "<group>"; };
		15B55FE92A73F13000C31082 /* RegistrationViewModel.swift */ = {isa = PBXFileReference; lastKnownFileType = sourcecode.swift; path = RegistrationViewModel.swift; sourceTree = "<group>"; };
		15B55FEC2A73F23600C31082 /* AddEmailView.swift */ = {isa = PBXFileReference; lastKnownFileType = sourcecode.swift; path = AddEmailView.swift; sourceTree = "<group>"; };
		15B55FEE2A73F5B800C31082 /* CreateUserView.swift */ = {isa = PBXFileReference; lastKnownFileType = sourcecode.swift; path = CreateUserView.swift; sourceTree = "<group>"; };
		15B55FF02A73F64C00C31082 /* CreatePasswordView.swift */ = {isa = PBXFileReference; lastKnownFileType = sourcecode.swift; path = CreatePasswordView.swift; sourceTree = "<group>"; };
		15B55FF22A73F6CA00C31082 /* CompleteSignUpView.swift */ = {isa = PBXFileReference; lastKnownFileType = sourcecode.swift; path = CompleteSignUpView.swift; sourceTree = "<group>"; };
		15B55FF52A73FC9000C31082 /* GoogleService-Info.plist */ = {isa = PBXFileReference; fileEncoding = 4; lastKnownFileType = text.plist.xml; path = "GoogleService-Info.plist"; sourceTree = "<group>"; };
		15B55FF82A73FD6600C31082 /* AuthService.swift */ = {isa = PBXFileReference; lastKnownFileType = sourcecode.swift; path = AuthService.swift; sourceTree = "<group>"; };
		15B55FFA2A73FFC600C31082 /* ContentViewModel.swift */ = {isa = PBXFileReference; lastKnownFileType = sourcecode.swift; path = ContentViewModel.swift; sourceTree = "<group>"; };
		15B55FFC2A74049D00C31082 /* LoginViewModel.swift */ = {isa = PBXFileReference; lastKnownFileType = sourcecode.swift; path = LoginViewModel.swift; sourceTree = "<group>"; };
/* End PBXFileReference section */

/* Begin PBXFrameworksBuildPhase section */
		151697112A7110D000093353 /* Frameworks */ = {
			isa = PBXFrameworksBuildPhase;
			buildActionMask = 2147483647;
			files = (
				1516972D2A7112F900093353 /* FirebaseDatabaseSwift in Frameworks */,
				1516972B2A7112F900093353 /* FirebaseDatabase in Frameworks */,
				151697272A7112F900093353 /* FirebaseAuth in Frameworks */,
				1516972F2A7112F900093353 /* FirebaseFirestore in Frameworks */,
				151697292A7112F900093353 /* FirebaseAuthCombine-Community in Frameworks */,
				151697312A7112F900093353 /* FirebaseStorage in Frameworks */,
			);
			runOnlyForDeploymentPostprocessing = 0;
		};
/* End PBXFrameworksBuildPhase section */

/* Begin PBXGroup section */
		1516970B2A7110D000093353 = {
			isa = PBXGroup;
			children = (
				151697162A7110D000093353 /* AAC */,
				151697152A7110D000093353 /* Products */,
			);
			sourceTree = "<group>";
		};
		151697152A7110D000093353 /* Products */ = {
			isa = PBXGroup;
			children = (
				151697142A7110D000093353 /* AAC.app */,
			);
			name = Products;
			sourceTree = "<group>";
		};
		151697162A7110D000093353 /* AAC */ = {
			isa = PBXGroup;
			children = (
				151697192A7110D000093353 /* ContentView.swift */,
				1516971B2A7110D200093353 /* Assets.xcassets */,
				151697342A71131900093353 /* App */,
				15B55FEB2A73F17700C31082 /* Authentification */,
				15B55FFE2A74068D00C31082 /* Core */,
			);
			path = AAC;
			sourceTree = "<group>";
		};
		1516971D2A7110D200093353 /* Preview Content */ = {
			isa = PBXGroup;
			children = (
				1516971E2A7110D200093353 /* Preview Assets.xcassets */,
			);
			path = "Preview Content";
			sourceTree = "<group>";
		};
		151697322A71130900093353 /* View */ = {
			isa = PBXGroup;
			children = (
				151697352A71134700093353 /* StartingView.swift */,
				15B55FEC2A73F23600C31082 /* AddEmailView.swift */,
				15B55FEE2A73F5B800C31082 /* CreateUserView.swift */,
				15B55FF02A73F64C00C31082 /* CreatePasswordView.swift */,
				15B55FF22A73F6CA00C31082 /* CompleteSignUpView.swift */,
			);
			path = View;
			sourceTree = "<group>";
		};
		151697332A71130C00093353 /* ViewModel */ = {
			isa = PBXGroup;
			children = (
				151697392A7117FB00093353 /* CustomIndicatorView.swift */,
				1516973B2A711C3000093353 /* CustomTextField.swift */,
				15B55FFA2A73FFC600C31082 /* ContentViewModel.swift */,
			);
			name = ViewModel;
			path = ../ViewModel;
			sourceTree = "<group>";
		};
		151697342A71131900093353 /* App */ = {
			isa = PBXGroup;
			children = (
				1516971D2A7110D200093353 /* Preview Content */,
				15B55FF42A73FC0600C31082 /* Service */,
				151697172A7110D000093353 /* AACApp.swift */,
			);
			path = App;
			sourceTree = "<group>";
		};
		1597ED782A713F5000ECD018 /* ViewModel */ = {
			isa = PBXGroup;
			children = (
				151697372A71149700093353 /* PageIntro.swift */,
				1597ED7B2A713FC300ECD018 /* SignUpIntro.swift */,
				15B55FE92A73F13000C31082 /* RegistrationViewModel.swift */,
				15B55FFC2A74049D00C31082 /* LoginViewModel.swift */,
			);
			path = ViewModel;
			sourceTree = "<group>";
		};
		15B55FEB2A73F17700C31082 /* Authentification */ = {
			isa = PBXGroup;
			children = (
				151697332A71130C00093353 /* ViewModel */,
				15B55FF72A73FD4C00C31082 /* Service */,
				1597ED782A713F5000ECD018 /* ViewModel */,
				151697322A71130900093353 /* View */,
			);
			path = Authentification;
			sourceTree = "<group>";
		};
		15B55FF42A73FC0600C31082 /* Service */ = {
			isa = PBXGroup;
			children = (
				15B55FF52A73FC9000C31082 /* GoogleService-Info.plist */,
			);
			path = Service;
			sourceTree = "<group>";
		};
		15B55FF72A73FD4C00C31082 /* Service */ = {
			isa = PBXGroup;
			children = (
				15B55FF82A73FD6600C31082 /* AuthService.swift */,
			);
			path = Service;
			sourceTree = "<group>";
		};
		15B55FFE2A74068D00C31082 /* Core */ = {
			isa = PBXGroup;
			children = (
				15B560002A7406C300C31082 /* ViewModel */,
				15B55FFF2A74069A00C31082 /* View */,
			);
			path = Core;
			sourceTree = "<group>";
		};
		15B55FFF2A74069A00C31082 /* View */ = {
			isa = PBXGroup;
			children = (
				1597ED762A713F3E00ECD018 /* HomeView.swift */,
			);
			path = View;
			sourceTree = "<group>";
		};
		15B560002A7406C300C31082 /* ViewModel */ = {
			isa = PBXGroup;
			children = (
			);
			path = ViewModel;
			sourceTree = "<group>";
		};
/* End PBXGroup section */

/* Begin PBXNativeTarget section */
		151697132A7110D000093353 /* AAC */ = {
			isa = PBXNativeTarget;
			buildConfigurationList = 151697222A7110D200093353 /* Build configuration list for PBXNativeTarget "AAC" */;
			buildPhases = (
				151697102A7110D000093353 /* Sources */,
				151697112A7110D000093353 /* Frameworks */,
				151697122A7110D000093353 /* Resources */,
			);
			buildRules = (
			);
			dependencies = (
			);
			name = AAC;
			packageProductDependencies = (
				151697262A7112F900093353 /* FirebaseAuth */,
				151697282A7112F900093353 /* FirebaseAuthCombine-Community */,
				1516972A2A7112F900093353 /* FirebaseDatabase */,
				1516972C2A7112F900093353 /* FirebaseDatabaseSwift */,
				1516972E2A7112F900093353 /* FirebaseFirestore */,
				151697302A7112F900093353 /* FirebaseStorage */,
			);
			productName = AAC;
			productReference = 151697142A7110D000093353 /* AAC.app */;
			productType = "com.apple.product-type.application";
		};
/* End PBXNativeTarget section */

/* Begin PBXProject section */
		1516970C2A7110D000093353 /* Project object */ = {
			isa = PBXProject;
			attributes = {
				BuildIndependentTargetsInParallel = 1;
				LastSwiftUpdateCheck = 1430;
				LastUpgradeCheck = 1430;
				TargetAttributes = {
					151697132A7110D000093353 = {
						CreatedOnToolsVersion = 14.3.1;
					};
				};
			};
			buildConfigurationList = 1516970F2A7110D000093353 /* Build configuration list for PBXProject "AAC" */;
			compatibilityVersion = "Xcode 14.0";
			developmentRegion = en;
			hasScannedForEncodings = 0;
			knownRegions = (
				en,
				Base,
			);
			mainGroup = 1516970B2A7110D000093353;
			packageReferences = (
				151697252A7112F900093353 /* XCRemoteSwiftPackageReference "firebase-ios-sdk" */,
			);
			productRefGroup = 151697152A7110D000093353 /* Products */;
			projectDirPath = "";
			projectRoot = "";
			targets = (
				151697132A7110D000093353 /* AAC */,
			);
		};
/* End PBXProject section */

/* Begin PBXResourcesBuildPhase section */
		151697122A7110D000093353 /* Resources */ = {
			isa = PBXResourcesBuildPhase;
			buildActionMask = 2147483647;
			files = (
				1516971F2A7110D200093353 /* Preview Assets.xcassets in Resources */,
				1516971C2A7110D200093353 /* Assets.xcassets in Resources */,
				15B55FF62A73FC9000C31082 /* GoogleService-Info.plist in Resources */,
			);
			runOnlyForDeploymentPostprocessing = 0;
		};
/* End PBXResourcesBuildPhase section */

/* Begin PBXSourcesBuildPhase section */
		151697102A7110D000093353 /* Sources */ = {
			isa = PBXSourcesBuildPhase;
			buildActionMask = 2147483647;
			files = (
				151697362A71134700093353 /* StartingView.swift in Sources */,
				15B55FEF2A73F5B800C31082 /* CreateUserView.swift in Sources */,
				1597ED772A713F3E00ECD018 /* HomeView.swift in Sources */,
				1516971A2A7110D000093353 /* ContentView.swift in Sources */,
				15B55FFD2A74049D00C31082 /* LoginViewModel.swift in Sources */,
				1597ED7C2A713FC300ECD018 /* SignUpIntro.swift in Sources */,
				1516973C2A711C3000093353 /* CustomTextField.swift in Sources */,
				15B55FEA2A73F13000C31082 /* RegistrationViewModel.swift in Sources */,
				15B55FF32A73F6CA00C31082 /* CompleteSignUpView.swift in Sources */,
				15B55FFB2A73FFC600C31082 /* ContentViewModel.swift in Sources */,
				1516973A2A7117FB00093353 /* CustomIndicatorView.swift in Sources */,
				151697182A7110D000093353 /* AACApp.swift in Sources */,
				15B55FED2A73F23600C31082 /* AddEmailView.swift in Sources */,
				15B55FF92A73FD6600C31082 /* AuthService.swift in Sources */,
				151697382A71149700093353 /* PageIntro.swift in Sources */,
				15B55FF12A73F64C00C31082 /* CreatePasswordView.swift in Sources */,
			);
			runOnlyForDeploymentPostprocessing = 0;
		};
/* End PBXSourcesBuildPhase section */

/* Begin XCBuildConfiguration section */
		151697202A7110D200093353 /* Debug */ = {
			isa = XCBuildConfiguration;
			buildSettings = {
				ALWAYS_SEARCH_USER_PATHS = NO;
				CLANG_ANALYZER_NONNULL = YES;
				CLANG_ANALYZER_NUMBER_OBJECT_CONVERSION = YES_AGGRESSIVE;
				CLANG_CXX_LANGUAGE_STANDARD = "gnu++20";
				CLANG_ENABLE_MODULES = YES;
				CLANG_ENABLE_OBJC_ARC = YES;
				CLANG_ENABLE_OBJC_WEAK = YES;
				CLANG_WARN_BLOCK_CAPTURE_AUTORELEASING = YES;
				CLANG_WARN_BOOL_CONVERSION = YES;
				CLANG_WARN_COMMA = YES;
				CLANG_WARN_CONSTANT_CONVERSION = YES;
				CLANG_WARN_DEPRECATED_OBJC_IMPLEMENTATIONS = YES;
				CLANG_WARN_DIRECT_OBJC_ISA_USAGE = YES_ERROR;
				CLANG_WARN_DOCUMENTATION_COMMENTS = YES;
				CLANG_WARN_EMPTY_BODY = YES;
				CLANG_WARN_ENUM_CONVERSION = YES;
				CLANG_WARN_INFINITE_RECURSION = YES;
				CLANG_WARN_INT_CONVERSION = YES;
				CLANG_WARN_NON_LITERAL_NULL_CONVERSION = YES;
				CLANG_WARN_OBJC_IMPLICIT_RETAIN_SELF = YES;
				CLANG_WARN_OBJC_LITERAL_CONVERSION = YES;
				CLANG_WARN_OBJC_ROOT_CLASS = YES_ERROR;
				CLANG_WARN_QUOTED_INCLUDE_IN_FRAMEWORK_HEADER = YES;
				CLANG_WARN_RANGE_LOOP_ANALYSIS = YES;
				CLANG_WARN_STRICT_PROTOTYPES = YES;
				CLANG_WARN_SUSPICIOUS_MOVE = YES;
				CLANG_WARN_UNGUARDED_AVAILABILITY = YES_AGGRESSIVE;
				CLANG_WARN_UNREACHABLE_CODE = YES;
				CLANG_WARN__DUPLICATE_METHOD_MATCH = YES;
				COPY_PHASE_STRIP = NO;
				DEBUG_INFORMATION_FORMAT = dwarf;
				ENABLE_STRICT_OBJC_MSGSEND = YES;
				ENABLE_TESTABILITY = YES;
				GCC_C_LANGUAGE_STANDARD = gnu11;
				GCC_DYNAMIC_NO_PIC = NO;
				GCC_NO_COMMON_BLOCKS = YES;
				GCC_OPTIMIZATION_LEVEL = 0;
				GCC_PREPROCESSOR_DEFINITIONS = (
					"DEBUG=1",
					"$(inherited)",
				);
				GCC_WARN_64_TO_32_BIT_CONVERSION = YES;
				GCC_WARN_ABOUT_RETURN_TYPE = YES_ERROR;
				GCC_WARN_UNDECLARED_SELECTOR = YES;
				GCC_WARN_UNINITIALIZED_AUTOS = YES_AGGRESSIVE;
				GCC_WARN_UNUSED_FUNCTION = YES;
				GCC_WARN_UNUSED_VARIABLE = YES;
				IPHONEOS_DEPLOYMENT_TARGET = 16.4;
				MTL_ENABLE_DEBUG_INFO = INCLUDE_SOURCE;
				MTL_FAST_MATH = YES;
				ONLY_ACTIVE_ARCH = YES;
				SDKROOT = iphoneos;
				SWIFT_ACTIVE_COMPILATION_CONDITIONS = DEBUG;
				SWIFT_OPTIMIZATION_LEVEL = "-Onone";
			};
			name = Debug;
		};
		151697212A7110D200093353 /* Release */ = {
			isa = XCBuildConfiguration;
			buildSettings = {
				ALWAYS_SEARCH_USER_PATHS = NO;
				CLANG_ANALYZER_NONNULL = YES;
				CLANG_ANALYZER_NUMBER_OBJECT_CONVERSION = YES_AGGRESSIVE;
				CLANG_CXX_LANGUAGE_STANDARD = "gnu++20";
				CLANG_ENABLE_MODULES = YES;
				CLANG_ENABLE_OBJC_ARC = YES;
				CLANG_ENABLE_OBJC_WEAK = YES;
				CLANG_WARN_BLOCK_CAPTURE_AUTORELEASING = YES;
				CLANG_WARN_BOOL_CONVERSION = YES;
				CLANG_WARN_COMMA = YES;
				CLANG_WARN_CONSTANT_CONVERSION = YES;
				CLANG_WARN_DEPRECATED_OBJC_IMPLEMENTATIONS = YES;
				CLANG_WARN_DIRECT_OBJC_ISA_USAGE = YES_ERROR;
				CLANG_WARN_DOCUMENTATION_COMMENTS = YES;
				CLANG_WARN_EMPTY_BODY = YES;
				CLANG_WARN_ENUM_CONVERSION = YES;
				CLANG_WARN_INFINITE_RECURSION = YES;
				CLANG_WARN_INT_CONVERSION = YES;
				CLANG_WARN_NON_LITERAL_NULL_CONVERSION = YES;
				CLANG_WARN_OBJC_IMPLICIT_RETAIN_SELF = YES;
				CLANG_WARN_OBJC_LITERAL_CONVERSION = YES;
				CLANG_WARN_OBJC_ROOT_CLASS = YES_ERROR;
				CLANG_WARN_QUOTED_INCLUDE_IN_FRAMEWORK_HEADER = YES;
				CLANG_WARN_RANGE_LOOP_ANALYSIS = YES;
				CLANG_WARN_STRICT_PROTOTYPES = YES;
				CLANG_WARN_SUSPICIOUS_MOVE = YES;
				CLANG_WARN_UNGUARDED_AVAILABILITY = YES_AGGRESSIVE;
				CLANG_WARN_UNREACHABLE_CODE = YES;
				CLANG_WARN__DUPLICATE_METHOD_MATCH = YES;
				COPY_PHASE_STRIP = NO;
				DEBUG_INFORMATION_FORMAT = "dwarf-with-dsym";
				ENABLE_NS_ASSERTIONS = NO;
				ENABLE_STRICT_OBJC_MSGSEND = YES;
				GCC_C_LANGUAGE_STANDARD = gnu11;
				GCC_NO_COMMON_BLOCKS = YES;
				GCC_WARN_64_TO_32_BIT_CONVERSION = YES;
				GCC_WARN_ABOUT_RETURN_TYPE = YES_ERROR;
				GCC_WARN_UNDECLARED_SELECTOR = YES;
				GCC_WARN_UNINITIALIZED_AUTOS = YES_AGGRESSIVE;
				GCC_WARN_UNUSED_FUNCTION = YES;
				GCC_WARN_UNUSED_VARIABLE = YES;
				IPHONEOS_DEPLOYMENT_TARGET = 16.4;
				MTL_ENABLE_DEBUG_INFO = NO;
				MTL_FAST_MATH = YES;
				SDKROOT = iphoneos;
				SWIFT_COMPILATION_MODE = wholemodule;
				SWIFT_OPTIMIZATION_LEVEL = "-O";
				VALIDATE_PRODUCT = YES;
			};
			name = Release;
		};
		151697232A7110D200093353 /* Debug */ = {
			isa = XCBuildConfiguration;
			buildSettings = {
				ASSETCATALOG_COMPILER_APPICON_NAME = AppIcon;
				ASSETCATALOG_COMPILER_GLOBAL_ACCENT_COLOR_NAME = AccentColor;
				CODE_SIGN_STYLE = Automatic;
				CURRENT_PROJECT_VERSION = 1;
				DEVELOPMENT_ASSET_PATHS = "\"AAC/App/Preview Content\"";
				DEVELOPMENT_TEAM = 38538272UX;
				ENABLE_PREVIEWS = YES;
				GENERATE_INFOPLIST_FILE = YES;
				INFOPLIST_KEY_UIApplicationSceneManifest_Generation = YES;
				INFOPLIST_KEY_UIApplicationSupportsIndirectInputEvents = YES;
				INFOPLIST_KEY_UILaunchScreen_Generation = YES;
				INFOPLIST_KEY_UISupportedInterfaceOrientations = UIInterfaceOrientationPortrait;
				INFOPLIST_KEY_UISupportedInterfaceOrientations_iPad = "UIInterfaceOrientationLandscapeLeft UIInterfaceOrientationLandscapeRight UIInterfaceOrientationPortrait UIInterfaceOrientationPortraitUpsideDown";
				LD_RUNPATH_SEARCH_PATHS = (
					"$(inherited)",
					"@executable_path/Frameworks",
				);
				MARKETING_VERSION = 1.0;
				PRODUCT_BUNDLE_IDENTIFIER = Project.AAC;
				PRODUCT_NAME = "$(TARGET_NAME)";
				SUPPORTED_PLATFORMS = "iphoneos iphonesimulator";
				SUPPORTS_MACCATALYST = NO;
				SUPPORTS_MAC_DESIGNED_FOR_IPHONE_IPAD = NO;
				SWIFT_EMIT_LOC_STRINGS = YES;
				SWIFT_VERSION = 5.0;
				TARGETED_DEVICE_FAMILY = 1;
			};
			name = Debug;
		};
		151697242A7110D200093353 /* Release */ = {
			isa = XCBuildConfiguration;
			buildSettings = {
				ASSETCATALOG_COMPILER_APPICON_NAME = AppIcon;
				ASSETCATALOG_COMPILER_GLOBAL_ACCENT_COLOR_NAME = AccentColor;
				CODE_SIGN_STYLE = Automatic;
				CURRENT_PROJECT_VERSION = 1;
				DEVELOPMENT_ASSET_PATHS = "\"AAC/App/Preview Content\"";
				DEVELOPMENT_TEAM = 38538272UX;
				ENABLE_PREVIEWS = YES;
				GENERATE_INFOPLIST_FILE = YES;
				INFOPLIST_KEY_UIApplicationSceneManifest_Generation = YES;
				INFOPLIST_KEY_UIApplicationSupportsIndirectInputEvents = YES;
				INFOPLIST_KEY_UILaunchScreen_Generation = YES;
				INFOPLIST_KEY_UISupportedInterfaceOrientations = UIInterfaceOrientationPortrait;
				INFOPLIST_KEY_UISupportedInterfaceOrientations_iPad = "UIInterfaceOrientationLandscapeLeft UIInterfaceOrientationLandscapeRight UIInterfaceOrientationPortrait UIInterfaceOrientationPortraitUpsideDown";
				LD_RUNPATH_SEARCH_PATHS = (
					"$(inherited)",
					"@executable_path/Frameworks",
				);
				MARKETING_VERSION = 1.0;
				PRODUCT_BUNDLE_IDENTIFIER = Project.AAC;
				PRODUCT_NAME = "$(TARGET_NAME)";
				SUPPORTED_PLATFORMS = "iphoneos iphonesimulator";
				SUPPORTS_MACCATALYST = NO;
				SUPPORTS_MAC_DESIGNED_FOR_IPHONE_IPAD = NO;
				SWIFT_EMIT_LOC_STRINGS = YES;
				SWIFT_VERSION = 5.0;
				TARGETED_DEVICE_FAMILY = 1;
			};
			name = Release;
		};
/* End XCBuildConfiguration section */

/* Begin XCConfigurationList section */
		1516970F2A7110D000093353 /* Build configuration list for PBXProject "AAC" */ = {
			isa = XCConfigurationList;
			buildConfigurations = (
				151697202A7110D200093353 /* Debug */,
				151697212A7110D200093353 /* Release */,
			);
			defaultConfigurationIsVisible = 0;
			defaultConfigurationName = Release;
		};
		151697222A7110D200093353 /* Build configuration list for PBXNativeTarget "AAC" */ = {
			isa = XCConfigurationList;
			buildConfigurations = (
				151697232A7110D200093353 /* Debug */,
				151697242A7110D200093353 /* Release */,
			);
			defaultConfigurationIsVisible = 0;
			defaultConfigurationName = Release;
		};
/* End XCConfigurationList section */

/* Begin XCRemoteSwiftPackageReference section */
		151697252A7112F900093353 /* XCRemoteSwiftPackageReference "firebase-ios-sdk" */ = {
			isa = XCRemoteSwiftPackageReference;
			repositoryURL = "https://github.com/firebase/firebase-ios-sdk";
			requirement = {
				kind = upToNextMajorVersion;
				minimumVersion = 10.0.0;
			};
		};
/* End XCRemoteSwiftPackageReference section */

/* Begin XCSwiftPackageProductDependency section */
		151697262A7112F900093353 /* FirebaseAuth */ = {
			isa = XCSwiftPackageProductDependency;
			package = 151697252A7112F900093353 /* XCRemoteSwiftPackageReference "firebase-ios-sdk" */;
			productName = FirebaseAuth;
		};
		151697282A7112F900093353 /* FirebaseAuthCombine-Community */ = {
			isa = XCSwiftPackageProductDependency;
			package = 151697252A7112F900093353 /* XCRemoteSwiftPackageReference "firebase-ios-sdk" */;
			productName = "FirebaseAuthCombine-Community";
		};
		1516972A2A7112F900093353 /* FirebaseDatabase */ = {
			isa = XCSwiftPackageProductDependency;
			package = 151697252A7112F900093353 /* XCRemoteSwiftPackageReference "firebase-ios-sdk" */;
			productName = FirebaseDatabase;
		};
		1516972C2A7112F900093353 /* FirebaseDatabaseSwift */ = {
			isa = XCSwiftPackageProductDependency;
			package = 151697252A7112F900093353 /* XCRemoteSwiftPackageReference "firebase-ios-sdk" */;
			productName = FirebaseDatabaseSwift;
		};
		1516972E2A7112F900093353 /* FirebaseFirestore */ = {
			isa = XCSwiftPackageProductDependency;
			package = 151697252A7112F900093353 /* XCRemoteSwiftPackageReference "firebase-ios-sdk" */;
			productName = FirebaseFirestore;
		};
		151697302A7112F900093353 /* FirebaseStorage */ = {
			isa = XCSwiftPackageProductDependency;
			package = 151697252A7112F900093353 /* XCRemoteSwiftPackageReference "firebase-ios-sdk" */;
			productName = FirebaseStorage;
		};
/* End XCSwiftPackageProductDependency section */
	};
	rootObject = 1516970C2A7110D000093353 /* Project object */;
}
